PODS:
  - Bolts/Tasks (1.9.0)
  - GoogleMaps (3.0.2):
    - GoogleMaps/Maps (= 3.0.2)
  - GoogleMaps/Base (3.0.2)
  - GoogleMaps/Maps (3.0.2):
    - GoogleMaps/Base
  - Parse (1.17.2):
    - Parse/Core (= 1.17.2)
  - Parse/Core (1.17.2):
    - Bolts/Tasks (~> 1.9)

DEPENDENCIES:
  - GoogleMaps
  - Parse

SPEC REPOS:
  https://github.com/cocoapods/specs.git:
    - Bolts
    - GoogleMaps
    - Parse

SPEC CHECKSUMS:
  Bolts: ac6567323eac61e203f6a9763667d0f711be34c8
  GoogleMaps: 941cd655e009b4d8e42df19a3d749bc3fccec973
  Parse: 3b31a3dd1777b07ee7f0caee32fafbff544483a5

PODFILE CHECKSUM: 3d139a87652012e138730e6568b7bd48fc2e714f

COCOAPODS: 1.5.3
