// !$*UTF8*$!
{
	archiveVersion = 1;
	classes = {
	};
	objectVersion = 46;
	objects = {

/* Begin PBXBuildFile section */
		58F6948C99FE4E1D3428B403 /* Pods_TripKey.framework in Frameworks */ = {isa = PBXBuildFile; fileRef = FBB40AB50F08BA7D4C8A8897 /* Pods_TripKey.framework */; };
		D0018732219948A000EEE21E /* FlightTableNewViewController.swift in Sources */ = {isa = PBXBuildFile; fileRef = D0018731219948A000EEE21E /* FlightTableNewViewController.swift */; };
		D00187342199556B00EEE21E /* TableViewCell.swift in Sources */ = {isa = PBXBuildFile; fileRef = D00187332199556B00EEE21E /* TableViewCell.swift */; };
		D00BBF7F1D73C05500057B58 /* Podfile in Resources */ = {isa = PBXBuildFile; fileRef = D00BBF7E1D73C05500057B58 /* Podfile */; };
		D016EB7E1F078AAD00DEE5CD /* DatePickerView.swift in Sources */ = {isa = PBXBuildFile; fileRef = D016EB7D1F078AAD00DEE5CD /* DatePickerView.swift */; };
		D016EB801F078AEB00DEE5CD /* Date Picker.xib in Resources */ = {isa = PBXBuildFile; fileRef = D016EB7F1F078AEB00DEE5CD /* Date Picker.xib */; };
		D01EE9B61D692B780048D6CE /* AppDelegate.swift in Sources */ = {isa = PBXBuildFile; fileRef = D01EE9B51D692B780048D6CE /* AppDelegate.swift */; };
		D01EE9B81D692B780048D6CE /* ViewController.swift in Sources */ = {isa = PBXBuildFile; fileRef = D01EE9B71D692B780048D6CE /* ViewController.swift */; };
		D01EE9C01D692B780048D6CE /* Assets.xcassets in Resources */ = {isa = PBXBuildFile; fileRef = D01EE9BF1D692B780048D6CE /* Assets.xcassets */; };
		D01EE9C31D692B780048D6CE /* LaunchScreen.storyboard in Resources */ = {isa = PBXBuildFile; fileRef = D01EE9C11D692B780048D6CE /* LaunchScreen.storyboard */; };
		D025F5892203F45E007D6D3B /* newTakeOffToWest.png in Resources */ = {isa = PBXBuildFile; fileRef = D025F5882203F45D007D6D3B /* newTakeOffToWest.png */; };
		D025F58B2203FB39007D6D3B /* takeOffWestToEastImage.png in Resources */ = {isa = PBXBuildFile; fileRef = D025F58A2203FB38007D6D3B /* takeOffWestToEastImage.png */; };
		D025F58D2203FC6E007D6D3B /* takeOffEastToWestImage.png in Resources */ = {isa = PBXBuildFile; fileRef = D025F58C2203FC6E007D6D3B /* takeOffEastToWestImage.png */; };
		D025F5902203FEFC007D6D3B /* landingWestToEast.png in Resources */ = {isa = PBXBuildFile; fileRef = D025F58E2203FEFC007D6D3B /* landingWestToEast.png */; };
		D025F5912203FEFC007D6D3B /* landingEastToWest.png in Resources */ = {isa = PBXBuildFile; fileRef = D025F58F2203FEFC007D6D3B /* landingEastToWest.png */; };
		D025F593220402D5007D6D3B /* airplaneTrackerImage.png in Resources */ = {isa = PBXBuildFile; fileRef = D025F592220402D5007D6D3B /* airplaneTrackerImage.png */; };
		D025F59522040324007D6D3B /* airplaneSliderImage.png in Resources */ = {isa = PBXBuildFile; fileRef = D025F59422040324007D6D3B /* airplaneSliderImage.png */; };
		D0286D6721E27AF300954991 /* ReadMe.md in Resources */ = {isa = PBXBuildFile; fileRef = D0286D6621E27AF300954991 /* ReadMe.md */; };
		D05CF0C92217D0ED001CE57A /* QRScannerViewController.swift in Sources */ = {isa = PBXBuildFile; fileRef = D05CF0C82217D0ED001CE57A /* QRScannerViewController.swift */; };
		D05F11701ECD474A00BFA3F2 /* Main.storyboard in Resources */ = {isa = PBXBuildFile; fileRef = D05F116F1ECD474A00BFA3F2 /* Main.storyboard */; };
		D061846B2205688100336A20 /* icons8-add-user-male-filled-50.png in Resources */ = {isa = PBXBuildFile; fileRef = D061846A2205688000336A20 /* icons8-add-user-male-filled-50.png */; };
		D069FBB5220033F600864659 /* trackFlight.png in Resources */ = {isa = PBXBuildFile; fileRef = D069FBB4220033F600864659 /* trackFlight.png */; };
		D069FBBB22013D6C00864659 /* Helpers.swift in Sources */ = {isa = PBXBuildFile; fileRef = D069FBBA22013D6C00864659 /* Helpers.swift */; };
		D073DC51222675A90091D795 /* whiteCheck.png in Resources */ = {isa = PBXBuildFile; fileRef = D073DC50222675A90091D795 /* whiteCheck.png */; };
		D073DC532227CC580091D795 /* myLocation.png in Resources */ = {isa = PBXBuildFile; fileRef = D073DC522227CC580091D795 /* myLocation.png */; };
		D0756A63222266C1004EFD6E /* logoSmall.png in Resources */ = {isa = PBXBuildFile; fileRef = D0756A62222266C1004EFD6E /* logoSmall.png */; };
		D075D8431F68CD1C004831B0 /* delete-512.png in Resources */ = {isa = PBXBuildFile; fileRef = D075D8421F68CD1C004831B0 /* delete-512.png */; };
		D075D8451F68D38B004831B0 /* whitePhone.png in Resources */ = {isa = PBXBuildFile; fileRef = D075D8441F68D38B004831B0 /* whitePhone.png */; };
		D075D8471F68D3FB004831B0 /* whiteCommunity.png in Resources */ = {isa = PBXBuildFile; fileRef = D075D8461F68D3FB004831B0 /* whiteCommunity.png */; };
		D08C49C41EF2AA1C009A9B7A /* Launch Screen.storyboard in Resources */ = {isa = PBXBuildFile; fileRef = D08C49C31EF2AA1C009A9B7A /* Launch Screen.storyboard */; };
		D097603B1E141C0A0096D6F8 /* SeatGuruViewController.swift in Sources */ = {isa = PBXBuildFile; fileRef = D097603A1E141C0A0096D6F8 /* SeatGuruViewController.swift */; };
		D098EFB8220728A6008A8E27 /* icons8-male-user-filled-50.png in Resources */ = {isa = PBXBuildFile; fileRef = D098EFB7220728A5008A8E27 /* icons8-male-user-filled-50.png */; };
		D099B1B82228F7D8008CDF9A /* DepartureInfo.swift in Sources */ = {isa = PBXBuildFile; fileRef = D099B1B72228F7D8008CDF9A /* DepartureInfo.swift */; };
		D099B1BA2228F804008CDF9A /* DepartureInfo.xib in Resources */ = {isa = PBXBuildFile; fileRef = D099B1B92228F804008CDF9A /* DepartureInfo.xib */; };
		D099B1BD2229551E008CDF9A /* TopLabelView.swift in Sources */ = {isa = PBXBuildFile; fileRef = D099B1BC2229551E008CDF9A /* TopLabelView.swift */; };
		D099B1BF222960A3008CDF9A /* TopView.xib in Resources */ = {isa = PBXBuildFile; fileRef = D099B1BE222960A3008CDF9A /* TopView.xib */; };
		D099B8A51F6CA9F40047EEE5 /* directions.png in Resources */ = {isa = PBXBuildFile; fileRef = D099B8A41F6CA9F40047EEE5 /* directions.png */; };
		D09FE4561D8A787D00D36EBF /* FlightDetailsViewController.swift in Sources */ = {isa = PBXBuildFile; fileRef = D09FE4551D8A787D00D36EBF /* FlightDetailsViewController.swift */; };
		D0A1328422252A6200DBA953 /* CountDown.swift in Sources */ = {isa = PBXBuildFile; fileRef = D0A1328322252A6200DBA953 /* CountDown.swift */; };
		D0A1328622252A9800DBA953 /* CountDownView.xib in Resources */ = {isa = PBXBuildFile; fileRef = D0A1328522252A9800DBA953 /* CountDownView.xib */; };
		D0A132882225694E00DBA953 /* share.png in Resources */ = {isa = PBXBuildFile; fileRef = D0A132872225694D00DBA953 /* share.png */; };
		D0A1328A22256A3A00DBA953 /* qr.png in Resources */ = {isa = PBXBuildFile; fileRef = D0A1328922256A3A00DBA953 /* qr.png */; };
		D0A1328C2225776800DBA953 /* menu.png in Resources */ = {isa = PBXBuildFile; fileRef = D0A1328B2225776700DBA953 /* menu.png */; };
		D0A47C1B222277BE00CC03B8 /* watchShot.swift in Sources */ = {isa = PBXBuildFile; fileRef = D0A47C1A222277BE00CC03B8 /* watchShot.swift */; };
		D0B8D0621E2E1BBA0096613F /* Tripkey-logo-white.png in Resources */ = {isa = PBXBuildFile; fileRef = D0B8D0611E2E1BBA0096613F /* Tripkey-logo-white.png */; };
		D0B8D0641E2E22950096613F /* icon-tripkey test.png in Resources */ = {isa = PBXBuildFile; fileRef = D0B8D0631E2E22950096613F /* icon-tripkey test.png */; };
		D0BB62AB2187081900D3B5B9 /* back2.png in Resources */ = {isa = PBXBuildFile; fileRef = D0BB62AA2187081900D3B5B9 /* back2.png */; };
		D0C49B3F1F19EEB700D47983 /* Localizable.strings in Resources */ = {isa = PBXBuildFile; fileRef = D0C49B411F19EEB700D47983 /* Localizable.strings */; };
		D0CACD3E1E16B66C00FA4DA2 /* clear_night_25.png in Resources */ = {isa = PBXBuildFile; fileRef = D0CACD3D1E16B66C00FA4DA2 /* clear_night_25.png */; };
		D0CACD471E16BA6C00FA4DA2 /* heavy_rain_25.png in Resources */ = {isa = PBXBuildFile; fileRef = D0CACD3F1E16BA6C00FA4DA2 /* heavy_rain_25.png */; };
		D0CACD481E16BA6C00FA4DA2 /* light_rain_25.png in Resources */ = {isa = PBXBuildFile; fileRef = D0CACD401E16BA6C00FA4DA2 /* light_rain_25.png */; };
		D0CACD491E16BA6C00FA4DA2 /* medium_rain_25.png in Resources */ = {isa = PBXBuildFile; fileRef = D0CACD411E16BA6C00FA4DA2 /* medium_rain_25.png */; };
		D0CACD4A1E16BA6C00FA4DA2 /* mostly_cloudy_25.png in Resources */ = {isa = PBXBuildFile; fileRef = D0CACD421E16BA6C00FA4DA2 /* mostly_cloudy_25.png */; };
		D0CACD4B1E16BA6C00FA4DA2 /* prtly_cloudy_sun_25.png in Resources */ = {isa = PBXBuildFile; fileRef = D0CACD431E16BA6C00FA4DA2 /* prtly_cloudy_sun_25.png */; };
		D0CACD4C1E16BA6C00FA4DA2 /* snow_25.png in Resources */ = {isa = PBXBuildFile; fileRef = D0CACD441E16BA6C00FA4DA2 /* snow_25.png */; };
		D0CACD4D1E16BA6C00FA4DA2 /* sunny_25.png in Resources */ = {isa = PBXBuildFile; fileRef = D0CACD451E16BA6C00FA4DA2 /* sunny_25.png */; };
		D0CACD4E1E16BA6C00FA4DA2 /* thunderstorm_25.png in Resources */ = {isa = PBXBuildFile; fileRef = D0CACD461E16BA6C00FA4DA2 /* thunderstorm_25.png */; };
		D0CACD501E16F34C00FA4DA2 /* fog_mist_25.png in Resources */ = {isa = PBXBuildFile; fileRef = D0CACD4F1E16F34C00FA4DA2 /* fog_mist_25.png */; };
		D0CACD521E16FA1C00FA4DA2 /* haze_25.png in Resources */ = {isa = PBXBuildFile; fileRef = D0CACD511E16FA1C00FA4DA2 /* haze_25.png */; };
		D0CC85FA1F7FE44200B8E105 /* info.png in Resources */ = {isa = PBXBuildFile; fileRef = D0CC85F91F7FE33B00B8E105 /* info.png */; };
		D0CE61932207DF1F006F5D75 /* GoogleService-Info.plist in Resources */ = {isa = PBXBuildFile; fileRef = D0CE61922207DF1F006F5D75 /* GoogleService-Info.plist */; };
		D0CE61962207FAA0006F5D75 /* Model.xcdatamodeld in Sources */ = {isa = PBXBuildFile; fileRef = D0CE61942207FAA0006F5D75 /* Model.xcdatamodeld */; };
		D0CE619C22100B6A006F5D75 /* FlightStruct.swift in Sources */ = {isa = PBXBuildFile; fileRef = D0CE619B22100B6A006F5D75 /* FlightStruct.swift */; };
		D0D114491F23018D0020D8C5 /* back arrow-big.png in Resources */ = {isa = PBXBuildFile; fileRef = D0D114481F23018D0020D8C5 /* back arrow-big.png */; };
		D0D1C28A21882B0800BF8089 /* backButton.png in Resources */ = {isa = PBXBuildFile; fileRef = D0D1C28921882B0800BF8089 /* backButton.png */; };
		D0D526181E24917C004738DA /* Arrival Info Window.xib in Resources */ = {isa = PBXBuildFile; fileRef = D0D526171E24917C004738DA /* Arrival Info Window.xib */; };
		D0D5261A1E249210004738DA /* ArrivalInfoWindow.swift in Sources */ = {isa = PBXBuildFile; fileRef = D0D526191E249210004738DA /* ArrivalInfoWindow.swift */; };
		D0E760F5217F01EE00B6D31D /* StoreKit.framework in Frameworks */ = {isa = PBXBuildFile; fileRef = D0E760F4217F01EE00B6D31D /* StoreKit.framework */; };
		D0F42B631E41D1E800737461 /* NearMeViewController.swift in Sources */ = {isa = PBXBuildFile; fileRef = D0F42B621E41D1E800737461 /* NearMeViewController.swift */; };
		D0F42DB21D7F6DAA0041CD82 /* CoreLocation.framework in Frameworks */ = {isa = PBXBuildFile; fileRef = D0F42DB11D7F6DAA0041CD82 /* CoreLocation.framework */; settings = {ATTRIBUTES = (Weak, ); }; };
		D0F6DC461EC97EAE0026817A /* CommunityFeedViewController.swift in Sources */ = {isa = PBXBuildFile; fileRef = D0F6DC451EC97EAE0026817A /* CommunityFeedViewController.swift */; };
		D0F6DC481EC984A10026817A /* FeedTableViewCell.swift in Sources */ = {isa = PBXBuildFile; fileRef = D0F6DC471EC984A00026817A /* FeedTableViewCell.swift */; };
/* End PBXBuildFile section */

/* Begin PBXCopyFilesBuildPhase section */
		D0BCD4781F778429001C2515 /* Embed Watch Content */ = {
			isa = PBXCopyFilesBuildPhase;
			buildActionMask = 2147483647;
			dstPath = "$(CONTENTS_FOLDER_PATH)/Watch";
			dstSubfolderSpec = 16;
			files = (
			);
			name = "Embed Watch Content";
			runOnlyForDeploymentPostprocessing = 0;
		};
/* End PBXCopyFilesBuildPhase section */

/* Begin PBXFileReference section */
		990605E94A8A24683F7DC97E /* Pods-TripKey.release.xcconfig */ = {isa = PBXFileReference; includeInIndex = 1; lastKnownFileType = text.xcconfig; name = "Pods-TripKey.release.xcconfig"; path = "Pods/Target Support Files/Pods-TripKey/Pods-TripKey.release.xcconfig"; sourceTree = "<group>"; };
		D0018731219948A000EEE21E /* FlightTableNewViewController.swift */ = {isa = PBXFileReference; lastKnownFileType = sourcecode.swift; path = FlightTableNewViewController.swift; sourceTree = "<group>"; };
		D00187332199556B00EEE21E /* TableViewCell.swift */ = {isa = PBXFileReference; lastKnownFileType = sourcecode.swift; path = TableViewCell.swift; sourceTree = "<group>"; };
		D00BBF7E1D73C05500057B58 /* Podfile */ = {isa = PBXFileReference; fileEncoding = 4; lastKnownFileType = text; name = Podfile; path = ../Podfile; sourceTree = "<group>"; xcLanguageSpecificationIdentifier = xcode.lang.ruby; };
		D016EB7D1F078AAD00DEE5CD /* DatePickerView.swift */ = {isa = PBXFileReference; fileEncoding = 4; lastKnownFileType = sourcecode.swift; path = DatePickerView.swift; sourceTree = "<group>"; };
		D016EB7F1F078AEB00DEE5CD /* Date Picker.xib */ = {isa = PBXFileReference; fileEncoding = 4; lastKnownFileType = file.xib; path = "Date Picker.xib"; sourceTree = "<group>"; };
		D01EE9B21D692B780048D6CE /* TripKey.app */ = {isa = PBXFileReference; explicitFileType = wrapper.application; includeInIndex = 0; path = TripKey.app; sourceTree = BUILT_PRODUCTS_DIR; };
		D01EE9B51D692B780048D6CE /* AppDelegate.swift */ = {isa = PBXFileReference; lastKnownFileType = sourcecode.swift; path = AppDelegate.swift; sourceTree = "<group>"; };
		D01EE9B71D692B780048D6CE /* ViewController.swift */ = {isa = PBXFileReference; lastKnownFileType = sourcecode.swift; path = ViewController.swift; sourceTree = "<group>"; };
		D01EE9BF1D692B780048D6CE /* Assets.xcassets */ = {isa = PBXFileReference; lastKnownFileType = folder.assetcatalog; path = Assets.xcassets; sourceTree = "<group>"; };
		D01EE9C21D692B780048D6CE /* Base */ = {isa = PBXFileReference; lastKnownFileType = file.storyboard; name = Base; path = Base.lproj/LaunchScreen.storyboard; sourceTree = "<group>"; };
		D01EE9C41D692B780048D6CE /* Info.plist */ = {isa = PBXFileReference; lastKnownFileType = text.plist.xml; path = Info.plist; sourceTree = "<group>"; };
		D025F5882203F45D007D6D3B /* newTakeOffToWest.png */ = {isa = PBXFileReference; lastKnownFileType = image.png; path = newTakeOffToWest.png; sourceTree = "<group>"; };
		D025F58A2203FB38007D6D3B /* takeOffWestToEastImage.png */ = {isa = PBXFileReference; lastKnownFileType = image.png; path = takeOffWestToEastImage.png; sourceTree = "<group>"; };
		D025F58C2203FC6E007D6D3B /* takeOffEastToWestImage.png */ = {isa = PBXFileReference; lastKnownFileType = image.png; path = takeOffEastToWestImage.png; sourceTree = "<group>"; };
		D025F58E2203FEFC007D6D3B /* landingWestToEast.png */ = {isa = PBXFileReference; lastKnownFileType = image.png; path = landingWestToEast.png; sourceTree = "<group>"; };
		D025F58F2203FEFC007D6D3B /* landingEastToWest.png */ = {isa = PBXFileReference; lastKnownFileType = image.png; path = landingEastToWest.png; sourceTree = "<group>"; };
		D025F592220402D5007D6D3B /* airplaneTrackerImage.png */ = {isa = PBXFileReference; lastKnownFileType = image.png; path = airplaneTrackerImage.png; sourceTree = "<group>"; };
		D025F59422040324007D6D3B /* airplaneSliderImage.png */ = {isa = PBXFileReference; lastKnownFileType = image.png; path = airplaneSliderImage.png; sourceTree = "<group>"; };
		D0286D6621E27AF300954991 /* ReadMe.md */ = {isa = PBXFileReference; lastKnownFileType = net.daringfireball.markdown; path = ReadMe.md; sourceTree = "<group>"; };
		D03420211F3AB3900039AF33 /* hi */ = {isa = PBXFileReference; lastKnownFileType = text.plist.strings; name = hi; path = hi.lproj/LaunchScreen.strings; sourceTree = "<group>"; };
		D03420221F3AB3900039AF33 /* hi */ = {isa = PBXFileReference; lastKnownFileType = text.plist.strings; name = hi; path = hi.lproj/Localizable.strings; sourceTree = "<group>"; };
		D03E74ED1F271928002E1357 /* id */ = {isa = PBXFileReference; lastKnownFileType = text.plist.strings; name = id; path = id.lproj/LaunchScreen.strings; sourceTree = "<group>"; };
		D03E74EE1F271928002E1357 /* id */ = {isa = PBXFileReference; lastKnownFileType = text.plist.strings; name = id; path = id.lproj/Localizable.strings; sourceTree = "<group>"; };
		D0439E911D6A34D000FD60FC /* Bridging-Header.h */ = {isa = PBXFileReference; lastKnownFileType = sourcecode.c.h; path = "Bridging-Header.h"; sourceTree = "<group>"; };
		D05CF0C82217D0ED001CE57A /* QRScannerViewController.swift */ = {isa = PBXFileReference; lastKnownFileType = sourcecode.swift; path = QRScannerViewController.swift; sourceTree = "<group>"; };
		D05F116F1ECD474A00BFA3F2 /* Main.storyboard */ = {isa = PBXFileReference; fileEncoding = 4; lastKnownFileType = file.storyboard; path = Main.storyboard; sourceTree = "<group>"; };
		D061846A2205688000336A20 /* icons8-add-user-male-filled-50.png */ = {isa = PBXFileReference; lastKnownFileType = image.png; path = "icons8-add-user-male-filled-50.png"; sourceTree = "<group>"; };
		D069FBB4220033F600864659 /* trackFlight.png */ = {isa = PBXFileReference; lastKnownFileType = image.png; path = trackFlight.png; sourceTree = "<group>"; };
		D069FBBA22013D6C00864659 /* Helpers.swift */ = {isa = PBXFileReference; lastKnownFileType = sourcecode.swift; name = Helpers.swift; path = /Users/peter/Documents/TripKey/TripKey2/Helpers.swift; sourceTree = "<absolute>"; };
		D073DC50222675A90091D795 /* whiteCheck.png */ = {isa = PBXFileReference; lastKnownFileType = image.png; path = whiteCheck.png; sourceTree = "<group>"; };
		D073DC522227CC580091D795 /* myLocation.png */ = {isa = PBXFileReference; lastKnownFileType = image.png; path = myLocation.png; sourceTree = "<group>"; };
		D0756A62222266C1004EFD6E /* logoSmall.png */ = {isa = PBXFileReference; lastKnownFileType = image.png; path = logoSmall.png; sourceTree = "<group>"; };
		D075D8421F68CD1C004831B0 /* delete-512.png */ = {isa = PBXFileReference; lastKnownFileType = image.png; path = "delete-512.png"; sourceTree = "<group>"; };
		D075D8441F68D38B004831B0 /* whitePhone.png */ = {isa = PBXFileReference; lastKnownFileType = image.png; path = whitePhone.png; sourceTree = "<group>"; };
		D075D8461F68D3FB004831B0 /* whiteCommunity.png */ = {isa = PBXFileReference; lastKnownFileType = image.png; path = whiteCommunity.png; sourceTree = "<group>"; };
		D08C49C31EF2AA1C009A9B7A /* Launch Screen.storyboard */ = {isa = PBXFileReference; fileEncoding = 4; lastKnownFileType = file.storyboard; path = "Launch Screen.storyboard"; sourceTree = "<group>"; };
		D097603A1E141C0A0096D6F8 /* SeatGuruViewController.swift */ = {isa = PBXFileReference; fileEncoding = 4; lastKnownFileType = sourcecode.swift; path = SeatGuruViewController.swift; sourceTree = "<group>"; };
		D098EFB7220728A5008A8E27 /* icons8-male-user-filled-50.png */ = {isa = PBXFileReference; lastKnownFileType = image.png; path = "icons8-male-user-filled-50.png"; sourceTree = "<group>"; };
		D099B1B72228F7D8008CDF9A /* DepartureInfo.swift */ = {isa = PBXFileReference; lastKnownFileType = sourcecode.swift; path = DepartureInfo.swift; sourceTree = "<group>"; };
		D099B1B92228F804008CDF9A /* DepartureInfo.xib */ = {isa = PBXFileReference; lastKnownFileType = file.xib; path = DepartureInfo.xib; sourceTree = "<group>"; };
		D099B1BC2229551E008CDF9A /* TopLabelView.swift */ = {isa = PBXFileReference; lastKnownFileType = sourcecode.swift; path = TopLabelView.swift; sourceTree = "<group>"; };
		D099B1BE222960A3008CDF9A /* TopView.xib */ = {isa = PBXFileReference; lastKnownFileType = file.xib; path = TopView.xib; sourceTree = "<group>"; };
		D099B8A41F6CA9F40047EEE5 /* directions.png */ = {isa = PBXFileReference; lastKnownFileType = image.png; path = directions.png; sourceTree = "<group>"; };
		D09FE4551D8A787D00D36EBF /* FlightDetailsViewController.swift */ = {isa = PBXFileReference; fileEncoding = 4; lastKnownFileType = sourcecode.swift; name = FlightDetailsViewController.swift; path = TripKey2/FlightDetailsViewController.swift; sourceTree = "<group>"; };
		D0A1328322252A6200DBA953 /* CountDown.swift */ = {isa = PBXFileReference; lastKnownFileType = sourcecode.swift; path = CountDown.swift; sourceTree = "<group>"; };
		D0A1328522252A9800DBA953 /* CountDownView.xib */ = {isa = PBXFileReference; lastKnownFileType = file.xib; path = CountDownView.xib; sourceTree = "<group>"; };
		D0A132872225694D00DBA953 /* share.png */ = {isa = PBXFileReference; lastKnownFileType = image.png; path = share.png; sourceTree = "<group>"; };
		D0A1328922256A3A00DBA953 /* qr.png */ = {isa = PBXFileReference; lastKnownFileType = image.png; path = qr.png; sourceTree = "<group>"; };
		D0A1328B2225776700DBA953 /* menu.png */ = {isa = PBXFileReference; lastKnownFileType = image.png; path = menu.png; sourceTree = "<group>"; };
		D0A47C1A222277BE00CC03B8 /* watchShot.swift */ = {isa = PBXFileReference; lastKnownFileType = sourcecode.swift; path = watchShot.swift; sourceTree = "<group>"; };
		D0B8D0611E2E1BBA0096613F /* Tripkey-logo-white.png */ = {isa = PBXFileReference; lastKnownFileType = image.png; path = "Tripkey-logo-white.png"; sourceTree = "<group>"; };
		D0B8D0631E2E22950096613F /* icon-tripkey test.png */ = {isa = PBXFileReference; lastKnownFileType = image.png; path = "icon-tripkey test.png"; sourceTree = "<group>"; };
		D0BB62AA2187081900D3B5B9 /* back2.png */ = {isa = PBXFileReference; lastKnownFileType = image.png; path = back2.png; sourceTree = "<group>"; };
		D0C49B3C1F19EDB700D47983 /* zh-Hans */ = {isa = PBXFileReference; lastKnownFileType = text.plist.strings; name = "zh-Hans"; path = "zh-Hans.lproj/LaunchScreen.strings"; sourceTree = "<group>"; };
		D0C49B401F19EEB700D47983 /* Base */ = {isa = PBXFileReference; lastKnownFileType = text.plist.strings; name = Base; path = Base.lproj/Localizable.strings; sourceTree = "<group>"; };
		D0C49B421F19EEBB00D47983 /* zh-Hans */ = {isa = PBXFileReference; lastKnownFileType = text.plist.strings; name = "zh-Hans"; path = "zh-Hans.lproj/Localizable.strings"; sourceTree = "<group>"; };
		D0CACD3D1E16B66C00FA4DA2 /* clear_night_25.png */ = {isa = PBXFileReference; lastKnownFileType = image.png; path = clear_night_25.png; sourceTree = "<group>"; };
		D0CACD3F1E16BA6C00FA4DA2 /* heavy_rain_25.png */ = {isa = PBXFileReference; lastKnownFileType = image.png; path = heavy_rain_25.png; sourceTree = "<group>"; };
		D0CACD401E16BA6C00FA4DA2 /* light_rain_25.png */ = {isa = PBXFileReference; lastKnownFileType = image.png; path = light_rain_25.png; sourceTree = "<group>"; };
		D0CACD411E16BA6C00FA4DA2 /* medium_rain_25.png */ = {isa = PBXFileReference; lastKnownFileType = image.png; path = medium_rain_25.png; sourceTree = "<group>"; };
		D0CACD421E16BA6C00FA4DA2 /* mostly_cloudy_25.png */ = {isa = PBXFileReference; lastKnownFileType = image.png; path = mostly_cloudy_25.png; sourceTree = "<group>"; };
		D0CACD431E16BA6C00FA4DA2 /* prtly_cloudy_sun_25.png */ = {isa = PBXFileReference; lastKnownFileType = image.png; path = prtly_cloudy_sun_25.png; sourceTree = "<group>"; };
		D0CACD441E16BA6C00FA4DA2 /* snow_25.png */ = {isa = PBXFileReference; lastKnownFileType = image.png; path = snow_25.png; sourceTree = "<group>"; };
		D0CACD451E16BA6C00FA4DA2 /* sunny_25.png */ = {isa = PBXFileReference; lastKnownFileType = image.png; path = sunny_25.png; sourceTree = "<group>"; };
		D0CACD461E16BA6C00FA4DA2 /* thunderstorm_25.png */ = {isa = PBXFileReference; lastKnownFileType = image.png; path = thunderstorm_25.png; sourceTree = "<group>"; };
		D0CACD4F1E16F34C00FA4DA2 /* fog_mist_25.png */ = {isa = PBXFileReference; lastKnownFileType = image.png; path = fog_mist_25.png; sourceTree = "<group>"; };
		D0CACD511E16FA1C00FA4DA2 /* haze_25.png */ = {isa = PBXFileReference; lastKnownFileType = image.png; path = haze_25.png; sourceTree = "<group>"; };
		D0CC85F91F7FE33B00B8E105 /* info.png */ = {isa = PBXFileReference; lastKnownFileType = image.png; path = info.png; sourceTree = "<group>"; };
		D0CE61922207DF1F006F5D75 /* GoogleService-Info.plist */ = {isa = PBXFileReference; fileEncoding = 4; lastKnownFileType = text.plist.xml; path = "GoogleService-Info.plist"; sourceTree = "<group>"; };
		D0CE61952207FAA0006F5D75 /* Model.xcdatamodel */ = {isa = PBXFileReference; lastKnownFileType = wrapper.xcdatamodel; path = Model.xcdatamodel; sourceTree = "<group>"; };
		D0CE619B22100B6A006F5D75 /* FlightStruct.swift */ = {isa = PBXFileReference; lastKnownFileType = sourcecode.swift; path = FlightStruct.swift; sourceTree = "<group>"; };
		D0D114481F23018D0020D8C5 /* back arrow-big.png */ = {isa = PBXFileReference; lastKnownFileType = image.png; path = "back arrow-big.png"; sourceTree = "<group>"; };
		D0D1C28921882B0800BF8089 /* backButton.png */ = {isa = PBXFileReference; lastKnownFileType = image.png; path = backButton.png; sourceTree = "<group>"; };
		D0D526171E24917C004738DA /* Arrival Info Window.xib */ = {isa = PBXFileReference; fileEncoding = 4; lastKnownFileType = file.xib; path = "Arrival Info Window.xib"; sourceTree = "<group>"; };
		D0D526191E249210004738DA /* ArrivalInfoWindow.swift */ = {isa = PBXFileReference; fileEncoding = 4; lastKnownFileType = sourcecode.swift; path = ArrivalInfoWindow.swift; sourceTree = "<group>"; };
		D0E760F3217F016F00B6D31D /* TripKey.entitlements */ = {isa = PBXFileReference; lastKnownFileType = text.plist.entitlements; path = TripKey.entitlements; sourceTree = "<group>"; };
		D0E760F4217F01EE00B6D31D /* StoreKit.framework */ = {isa = PBXFileReference; lastKnownFileType = wrapper.framework; name = StoreKit.framework; path = System/Library/Frameworks/StoreKit.framework; sourceTree = SDKROOT; };
		D0E84C8E1E15463000EA4C2F /* TripKey2.entitlements */ = {isa = PBXFileReference; lastKnownFileType = text.plist.entitlements; path = TripKey2.entitlements; sourceTree = "<group>"; };
		D0F42B621E41D1E800737461 /* NearMeViewController.swift */ = {isa = PBXFileReference; fileEncoding = 4; lastKnownFileType = sourcecode.swift; path = NearMeViewController.swift; sourceTree = "<group>"; };
		D0F42DB11D7F6DAA0041CD82 /* CoreLocation.framework */ = {isa = PBXFileReference; lastKnownFileType = wrapper.framework; name = CoreLocation.framework; path = System/Library/Frameworks/CoreLocation.framework; sourceTree = SDKROOT; };
		D0F6DC451EC97EAE0026817A /* CommunityFeedViewController.swift */ = {isa = PBXFileReference; fileEncoding = 4; lastKnownFileType = sourcecode.swift; path = CommunityFeedViewController.swift; sourceTree = "<group>"; };
		D0F6DC471EC984A00026817A /* FeedTableViewCell.swift */ = {isa = PBXFileReference; fileEncoding = 4; lastKnownFileType = sourcecode.swift; path = FeedTableViewCell.swift; sourceTree = "<group>"; };
		D52DBA4E420DFCC3609A1C78 /* Pods-TripKey.debug.xcconfig */ = {isa = PBXFileReference; includeInIndex = 1; lastKnownFileType = text.xcconfig; name = "Pods-TripKey.debug.xcconfig"; path = "Pods/Target Support Files/Pods-TripKey/Pods-TripKey.debug.xcconfig"; sourceTree = "<group>"; };
		FBB40AB50F08BA7D4C8A8897 /* Pods_TripKey.framework */ = {isa = PBXFileReference; explicitFileType = wrapper.framework; includeInIndex = 0; path = Pods_TripKey.framework; sourceTree = BUILT_PRODUCTS_DIR; };
/* End PBXFileReference section */

/* Begin PBXFrameworksBuildPhase section */
		D01EE9AF1D692B780048D6CE /* Frameworks */ = {
			isa = PBXFrameworksBuildPhase;
			buildActionMask = 2147483647;
			files = (
				D0F42DB21D7F6DAA0041CD82 /* CoreLocation.framework in Frameworks */,
				58F6948C99FE4E1D3428B403 /* Pods_TripKey.framework in Frameworks */,
				D0E760F5217F01EE00B6D31D /* StoreKit.framework in Frameworks */,
			);
			runOnlyForDeploymentPostprocessing = 0;
		};
/* End PBXFrameworksBuildPhase section */

/* Begin PBXGroup section */
		60BD2A5154069140407E1D1A /* Pods */ = {
			isa = PBXGroup;
			children = (
				D52DBA4E420DFCC3609A1C78 /* Pods-TripKey.debug.xcconfig */,
				990605E94A8A24683F7DC97E /* Pods-TripKey.release.xcconfig */,
			);
			name = Pods;
			sourceTree = "<group>";
		};
		D001872E2199402500EEE21E /* Flight Table New */ = {
			isa = PBXGroup;
			children = (
				D0018731219948A000EEE21E /* FlightTableNewViewController.swift */,
				D00187332199556B00EEE21E /* TableViewCell.swift */,
			);
			path = "Flight Table New";
			sourceTree = "<group>";
		};
		D01E74081F66587D002C3E06 /* Community */ = {
			isa = PBXGroup;
			children = (
				D05CF0C82217D0ED001CE57A /* QRScannerViewController.swift */,
				D0F6DC471EC984A00026817A /* FeedTableViewCell.swift */,
				D0F6DC451EC97EAE0026817A /* CommunityFeedViewController.swift */,
			);
			name = Community;
			sourceTree = "<group>";
		};
		D01EE9A91D692B780048D6CE = {
			isa = PBXGroup;
			children = (
				D0286D6621E27AF300954991 /* ReadMe.md */,
				D0E760F3217F016F00B6D31D /* TripKey.entitlements */,
				D0C49B411F19EEB700D47983 /* Localizable.strings */,
				D01EE9B41D692B780048D6CE /* TripKey2 */,
				D01EE9B31D692B780048D6CE /* Products */,
				D0439E901D6A321200FD60FC /* Frameworks */,
				60BD2A5154069140407E1D1A /* Pods */,
			);
			sourceTree = "<group>";
		};
		D01EE9B31D692B780048D6CE /* Products */ = {
			isa = PBXGroup;
			children = (
				D01EE9B21D692B780048D6CE /* TripKey.app */,
			);
			name = Products;
			sourceTree = "<group>";
		};
		D01EE9B41D692B780048D6CE /* TripKey2 */ = {
			isa = PBXGroup;
			children = (
				D099B1BE222960A3008CDF9A /* TopView.xib */,
				D099B1BC2229551E008CDF9A /* TopLabelView.swift */,
				D099B1B72228F7D8008CDF9A /* DepartureInfo.swift */,
				D099B1B92228F804008CDF9A /* DepartureInfo.xib */,
				D0A1328322252A6200DBA953 /* CountDown.swift */,
				D0A1328522252A9800DBA953 /* CountDownView.xib */,
				D0A47C1A222277BE00CC03B8 /* watchShot.swift */,
				D0CE61942207FAA0006F5D75 /* Model.xcdatamodeld */,
				D0F42B621E41D1E800737461 /* NearMeViewController.swift */,
				D05F116F1ECD474A00BFA3F2 /* Main.storyboard */,
				D01E74081F66587D002C3E06 /* Community */,
				D0E4E5051D7A975700BF321A /* Log In / Profile */,
				D0A10F041D8AB6C200CE88BA /* Flights */,
				D08337461D6E857000E4713F /* Picture Files */,
				D0B9EB121DC12331000C837B /* Miscellaneous */,
				D0439E921D6A356600FD60FC /* Supporting Files */,
			);
			path = TripKey2;
			sourceTree = "<group>";
		};
		D0439E901D6A321200FD60FC /* Frameworks */ = {
			isa = PBXGroup;
			children = (
				D0E760F4217F01EE00B6D31D /* StoreKit.framework */,
				D0F42DB11D7F6DAA0041CD82 /* CoreLocation.framework */,
				FBB40AB50F08BA7D4C8A8897 /* Pods_TripKey.framework */,
			);
			name = Frameworks;
			sourceTree = "<group>";
		};
		D0439E921D6A356600FD60FC /* Supporting Files */ = {
			isa = PBXGroup;
			children = (
				D0439E911D6A34D000FD60FC /* Bridging-Header.h */,
				D0CE61922207DF1F006F5D75 /* GoogleService-Info.plist */,
				D01EE9C41D692B780048D6CE /* Info.plist */,
			);
			name = "Supporting Files";
			sourceTree = "<group>";
		};
		D08337461D6E857000E4713F /* Picture Files */ = {
			isa = PBXGroup;
			children = (
				D098EFB7220728A5008A8E27 /* icons8-male-user-filled-50.png */,
				D061846A2205688000336A20 /* icons8-add-user-male-filled-50.png */,
				D025F592220402D5007D6D3B /* airplaneTrackerImage.png */,
				D025F59422040324007D6D3B /* airplaneSliderImage.png */,
				D0CC85F91F7FE33B00B8E105 /* info.png */,
				D0BB62AA2187081900D3B5B9 /* back2.png */,
				D069FBB4220033F600864659 /* trackFlight.png */,
				D0A1328B2225776700DBA953 /* menu.png */,
				D0A1328922256A3A00DBA953 /* qr.png */,
				D025F58A2203FB38007D6D3B /* takeOffWestToEastImage.png */,
				D073DC522227CC580091D795 /* myLocation.png */,
				D0A132872225694D00DBA953 /* share.png */,
				D025F58C2203FC6E007D6D3B /* takeOffEastToWestImage.png */,
				D025F58F2203FEFC007D6D3B /* landingEastToWest.png */,
				D025F58E2203FEFC007D6D3B /* landingWestToEast.png */,
				D099B8A41F6CA9F40047EEE5 /* directions.png */,
				D0D114481F23018D0020D8C5 /* back arrow-big.png */,
				D075D8461F68D3FB004831B0 /* whiteCommunity.png */,
				D075D8441F68D38B004831B0 /* whitePhone.png */,
				D075D8421F68CD1C004831B0 /* delete-512.png */,
				D025F5882203F45D007D6D3B /* newTakeOffToWest.png */,
				D0CACD3F1E16BA6C00FA4DA2 /* heavy_rain_25.png */,
				D0CACD401E16BA6C00FA4DA2 /* light_rain_25.png */,
				D073DC50222675A90091D795 /* whiteCheck.png */,
				D0CACD411E16BA6C00FA4DA2 /* medium_rain_25.png */,
				D0CACD421E16BA6C00FA4DA2 /* mostly_cloudy_25.png */,
				D0CACD431E16BA6C00FA4DA2 /* prtly_cloudy_sun_25.png */,
				D0B8D0631E2E22950096613F /* icon-tripkey test.png */,
				D0756A62222266C1004EFD6E /* logoSmall.png */,
				D0B8D0611E2E1BBA0096613F /* Tripkey-logo-white.png */,
				D0CACD511E16FA1C00FA4DA2 /* haze_25.png */,
				D0CACD441E16BA6C00FA4DA2 /* snow_25.png */,
				D0CACD451E16BA6C00FA4DA2 /* sunny_25.png */,
				D0CACD461E16BA6C00FA4DA2 /* thunderstorm_25.png */,
				D0CACD3D1E16B66C00FA4DA2 /* clear_night_25.png */,
				D0D1C28921882B0800BF8089 /* backButton.png */,
				D0CACD4F1E16F34C00FA4DA2 /* fog_mist_25.png */,
			);
			name = "Picture Files";
			sourceTree = "<group>";
		};
		D0A10F041D8AB6C200CE88BA /* Flights */ = {
			isa = PBXGroup;
			children = (
				D001872E2199402500EEE21E /* Flight Table New */,
				D0CE619B22100B6A006F5D75 /* FlightStruct.swift */,
				D0D526191E249210004738DA /* ArrivalInfoWindow.swift */,
				D0D526171E24917C004738DA /* Arrival Info Window.xib */,
				D097603A1E141C0A0096D6F8 /* SeatGuruViewController.swift */,
				D09FE4551D8A787D00D36EBF /* FlightDetailsViewController.swift */,
			);
			name = Flights;
			path = ..;
			sourceTree = "<group>";
		};
		D0B9EB121DC12331000C837B /* Miscellaneous */ = {
			isa = PBXGroup;
			children = (
				D069FBBA22013D6C00864659 /* Helpers.swift */,
				D08C49C31EF2AA1C009A9B7A /* Launch Screen.storyboard */,
				D0E84C8E1E15463000EA4C2F /* TripKey2.entitlements */,
				D01EE9B51D692B780048D6CE /* AppDelegate.swift */,
				D01EE9BF1D692B780048D6CE /* Assets.xcassets */,
				D01EE9C11D692B780048D6CE /* LaunchScreen.storyboard */,
				D00BBF7E1D73C05500057B58 /* Podfile */,
			);
			name = Miscellaneous;
			sourceTree = "<group>";
		};
		D0E4E5051D7A975700BF321A /* Log In / Profile */ = {
			isa = PBXGroup;
			children = (
				D016EB7D1F078AAD00DEE5CD /* DatePickerView.swift */,
				D016EB7F1F078AEB00DEE5CD /* Date Picker.xib */,
				D01EE9B71D692B780048D6CE /* ViewController.swift */,
			);
			name = "Log In / Profile";
			sourceTree = "<group>";
		};
/* End PBXGroup section */

/* Begin PBXNativeTarget section */
		D01EE9B11D692B780048D6CE /* TripKey */ = {
			isa = PBXNativeTarget;
			buildConfigurationList = D01EE9C71D692B780048D6CE /* Build configuration list for PBXNativeTarget "TripKey" */;
			buildPhases = (
				BF92829D1C81CF1A103D1CBB /* [CP] Check Pods Manifest.lock */,
				D01EE9AE1D692B780048D6CE /* Sources */,
				D01EE9AF1D692B780048D6CE /* Frameworks */,
				D01EE9B01D692B780048D6CE /* Resources */,
				14470304DDE33FF1365820C6 /* [CP] Embed Pods Frameworks */,
				C8B0C1D205C628E3E686688E /* [CP] Copy Pods Resources */,
				D0BCD4781F778429001C2515 /* Embed Watch Content */,
			);
			buildRules = (
			);
			dependencies = (
			);
			name = TripKey;
			productName = TripKey2;
			productReference = D01EE9B21D692B780048D6CE /* TripKey.app */;
			productType = "com.apple.product-type.application";
		};
/* End PBXNativeTarget section */

/* Begin PBXProject section */
		D01EE9AA1D692B780048D6CE /* Project object */ = {
			isa = PBXProject;
			attributes = {
				LastSwiftUpdateCheck = 0900;
				LastUpgradeCheck = 1000;
				ORGANIZATIONNAME = Fontaine;
				TargetAttributes = {
					D01EE9B11D692B780048D6CE = {
						CreatedOnToolsVersion = 8.0;
						DevelopmentTeam = 69FR345CDA;
						DevelopmentTeamName = "Peter Denton (Personal Team)";
						ProvisioningStyle = Manual;
						SystemCapabilities = {
							com.apple.ApplePay = {
								enabled = 1;
							};
							com.apple.ApplicationGroups.iOS = {
								enabled = 0;
							};
							com.apple.BackgroundModes = {
								enabled = 1;
							};
							com.apple.InAppPurchase = {
								enabled = 1;
							};
							com.apple.Keychain = {
								enabled = 0;
							};
							com.apple.Push = {
								enabled = 1;
							};
						};
					};
				};
			};
			buildConfigurationList = D01EE9AD1D692B780048D6CE /* Build configuration list for PBXProject "TripKey" */;
			compatibilityVersion = "Xcode 3.2";
			developmentRegion = English;
			hasScannedForEncodings = 0;
			knownRegions = (
				en,
				Base,
				"zh-Hans",
				id,
				hi,
			);
			mainGroup = D01EE9A91D692B780048D6CE;
			productRefGroup = D01EE9B31D692B780048D6CE /* Products */;
			projectDirPath = "";
			projectRoot = "";
			targets = (
				D01EE9B11D692B780048D6CE /* TripKey */,
			);
		};
/* End PBXProject section */

/* Begin PBXResourcesBuildPhase section */
		D01EE9B01D692B780048D6CE /* Resources */ = {
			isa = PBXResourcesBuildPhase;
			buildActionMask = 2147483647;
			files = (
				D01EE9C31D692B780048D6CE /* LaunchScreen.storyboard in Resources */,
				D0286D6721E27AF300954991 /* ReadMe.md in Resources */,
				D0A1328C2225776800DBA953 /* menu.png in Resources */,
				D025F5892203F45E007D6D3B /* newTakeOffToWest.png in Resources */,
				D069FBB5220033F600864659 /* trackFlight.png in Resources */,
				D099B1BA2228F804008CDF9A /* DepartureInfo.xib in Resources */,
				D00BBF7F1D73C05500057B58 /* Podfile in Resources */,
				D025F59522040324007D6D3B /* airplaneSliderImage.png in Resources */,
				D025F5912203FEFC007D6D3B /* landingEastToWest.png in Resources */,
				D0CACD481E16BA6C00FA4DA2 /* light_rain_25.png in Resources */,
				D073DC51222675A90091D795 /* whiteCheck.png in Resources */,
				D016EB801F078AEB00DEE5CD /* Date Picker.xib in Resources */,
				D0A1328622252A9800DBA953 /* CountDownView.xib in Resources */,
				D075D8431F68CD1C004831B0 /* delete-512.png in Resources */,
				D08C49C41EF2AA1C009A9B7A /* Launch Screen.storyboard in Resources */,
				D0756A63222266C1004EFD6E /* logoSmall.png in Resources */,
				D099B1BF222960A3008CDF9A /* TopView.xib in Resources */,
				D061846B2205688100336A20 /* icons8-add-user-male-filled-50.png in Resources */,
				D0CACD4A1E16BA6C00FA4DA2 /* mostly_cloudy_25.png in Resources */,
				D0A1328A22256A3A00DBA953 /* qr.png in Resources */,
				D0A132882225694E00DBA953 /* share.png in Resources */,
				D025F58D2203FC6E007D6D3B /* takeOffEastToWestImage.png in Resources */,
				D0D1C28A21882B0800BF8089 /* backButton.png in Resources */,
				D0CACD4C1E16BA6C00FA4DA2 /* snow_25.png in Resources */,
				D099B8A51F6CA9F40047EEE5 /* directions.png in Resources */,
				D075D8471F68D3FB004831B0 /* whiteCommunity.png in Resources */,
				D0D526181E24917C004738DA /* Arrival Info Window.xib in Resources */,
				D0CACD521E16FA1C00FA4DA2 /* haze_25.png in Resources */,
				D0CACD471E16BA6C00FA4DA2 /* heavy_rain_25.png in Resources */,
				D0B8D0621E2E1BBA0096613F /* Tripkey-logo-white.png in Resources */,
				D01EE9C01D692B780048D6CE /* Assets.xcassets in Resources */,
				D0CC85FA1F7FE44200B8E105 /* info.png in Resources */,
				D025F5902203FEFC007D6D3B /* landingWestToEast.png in Resources */,
				D0C49B3F1F19EEB700D47983 /* Localizable.strings in Resources */,
				D073DC532227CC580091D795 /* myLocation.png in Resources */,
				D05F11701ECD474A00BFA3F2 /* Main.storyboard in Resources */,
				D0D114491F23018D0020D8C5 /* back arrow-big.png in Resources */,
				D025F58B2203FB39007D6D3B /* takeOffWestToEastImage.png in Resources */,
				D0CACD4B1E16BA6C00FA4DA2 /* prtly_cloudy_sun_25.png in Resources */,
				D025F593220402D5007D6D3B /* airplaneTrackerImage.png in Resources */,
				D0CACD501E16F34C00FA4DA2 /* fog_mist_25.png in Resources */,
				D098EFB8220728A6008A8E27 /* icons8-male-user-filled-50.png in Resources */,
				D0CACD4D1E16BA6C00FA4DA2 /* sunny_25.png in Resources */,
				D0B8D0641E2E22950096613F /* icon-tripkey test.png in Resources */,
				D0CE61932207DF1F006F5D75 /* GoogleService-Info.plist in Resources */,
				D0CACD3E1E16B66C00FA4DA2 /* clear_night_25.png in Resources */,
				D0CACD491E16BA6C00FA4DA2 /* medium_rain_25.png in Resources */,
				D075D8451F68D38B004831B0 /* whitePhone.png in Resources */,
				D0CACD4E1E16BA6C00FA4DA2 /* thunderstorm_25.png in Resources */,
				D0BB62AB2187081900D3B5B9 /* back2.png in Resources */,
			);
			runOnlyForDeploymentPostprocessing = 0;
		};
/* End PBXResourcesBuildPhase section */

/* Begin PBXShellScriptBuildPhase section */
		14470304DDE33FF1365820C6 /* [CP] Embed Pods Frameworks */ = {
			isa = PBXShellScriptBuildPhase;
			buildActionMask = 2147483647;
			files = (
			);
			inputPaths = (
				"${SRCROOT}/Pods/Target Support Files/Pods-TripKey/Pods-TripKey-frameworks.sh",
				"${BUILT_PRODUCTS_DIR}/Bolts/Bolts.framework",
				"${BUILT_PRODUCTS_DIR}/EFQRCode/EFQRCode.framework",
				"${BUILT_PRODUCTS_DIR}/Parse/Parse.framework",
				"${BUILT_PRODUCTS_DIR}/swift_qrcodejs/swift_qrcodejs.framework",
			);
			name = "[CP] Embed Pods Frameworks";
			outputPaths = (
				"${TARGET_BUILD_DIR}/${FRAMEWORKS_FOLDER_PATH}/Bolts.framework",
				"${TARGET_BUILD_DIR}/${FRAMEWORKS_FOLDER_PATH}/EFQRCode.framework",
				"${TARGET_BUILD_DIR}/${FRAMEWORKS_FOLDER_PATH}/Parse.framework",
				"${TARGET_BUILD_DIR}/${FRAMEWORKS_FOLDER_PATH}/swift_qrcodejs.framework",
			);
			runOnlyForDeploymentPostprocessing = 0;
			shellPath = /bin/sh;
			shellScript = "\"${SRCROOT}/Pods/Target Support Files/Pods-TripKey/Pods-TripKey-frameworks.sh\"\n";
			showEnvVarsInLog = 0;
		};
		BF92829D1C81CF1A103D1CBB /* [CP] Check Pods Manifest.lock */ = {
			isa = PBXShellScriptBuildPhase;
			buildActionMask = 2147483647;
			files = (
			);
			inputPaths = (
				"${PODS_PODFILE_DIR_PATH}/Podfile.lock",
				"${PODS_ROOT}/Manifest.lock",
			);
			name = "[CP] Check Pods Manifest.lock";
			outputPaths = (
				"$(DERIVED_FILE_DIR)/Pods-TripKey-checkManifestLockResult.txt",
			);
			runOnlyForDeploymentPostprocessing = 0;
			shellPath = /bin/sh;
			shellScript = "diff \"${PODS_PODFILE_DIR_PATH}/Podfile.lock\" \"${PODS_ROOT}/Manifest.lock\" > /dev/null\nif [ $? != 0 ] ; then\n    # print error to STDERR\n    echo \"error: The sandbox is not in sync with the Podfile.lock. Run 'pod install' or update your CocoaPods installation.\" >&2\n    exit 1\nfi\n# This output is used by Xcode 'outputs' to avoid re-running this script phase.\necho \"SUCCESS\" > \"${SCRIPT_OUTPUT_FILE_0}\"\n";
			showEnvVarsInLog = 0;
		};
		C8B0C1D205C628E3E686688E /* [CP] Copy Pods Resources */ = {
			isa = PBXShellScriptBuildPhase;
			buildActionMask = 2147483647;
			files = (
			);
			inputPaths = (
				"${SRCROOT}/Pods/Target Support Files/Pods-TripKey/Pods-TripKey-resources.sh",
				"${PODS_ROOT}/GoogleMaps/Maps/Frameworks/GoogleMaps.framework/Resources/GoogleMaps.bundle",
			);
			name = "[CP] Copy Pods Resources";
			outputPaths = (
				"${TARGET_BUILD_DIR}/${UNLOCALIZED_RESOURCES_FOLDER_PATH}/GoogleMaps.bundle",
			);
			runOnlyForDeploymentPostprocessing = 0;
			shellPath = /bin/sh;
			shellScript = "\"${SRCROOT}/Pods/Target Support Files/Pods-TripKey/Pods-TripKey-resources.sh\"\n";
			showEnvVarsInLog = 0;
		};
/* End PBXShellScriptBuildPhase section */

/* Begin PBXSourcesBuildPhase section */
		D01EE9AE1D692B780048D6CE /* Sources */ = {
			isa = PBXSourcesBuildPhase;
			buildActionMask = 2147483647;
			files = (
				D0F6DC461EC97EAE0026817A /* CommunityFeedViewController.swift in Sources */,
				D0018732219948A000EEE21E /* FlightTableNewViewController.swift in Sources */,
				D097603B1E141C0A0096D6F8 /* SeatGuruViewController.swift in Sources */,
				D09FE4561D8A787D00D36EBF /* FlightDetailsViewController.swift in Sources */,
				D0CE61962207FAA0006F5D75 /* Model.xcdatamodeld in Sources */,
				D05CF0C92217D0ED001CE57A /* QRScannerViewController.swift in Sources */,
				D01EE9B81D692B780048D6CE /* ViewController.swift in Sources */,
				D0D5261A1E249210004738DA /* ArrivalInfoWindow.swift in Sources */,
				D00187342199556B00EEE21E /* TableViewCell.swift in Sources */,
				D01EE9B61D692B780048D6CE /* AppDelegate.swift in Sources */,
				D099B1B82228F7D8008CDF9A /* DepartureInfo.swift in Sources */,
				D0CE619C22100B6A006F5D75 /* FlightStruct.swift in Sources */,
				D0A1328422252A6200DBA953 /* CountDown.swift in Sources */,
				D0F6DC481EC984A10026817A /* FeedTableViewCell.swift in Sources */,
				D069FBBB22013D6C00864659 /* Helpers.swift in Sources */,
				D0F42B631E41D1E800737461 /* NearMeViewController.swift in Sources */,
				D016EB7E1F078AAD00DEE5CD /* DatePickerView.swift in Sources */,
				D0A47C1B222277BE00CC03B8 /* watchShot.swift in Sources */,
				D099B1BD2229551E008CDF9A /* TopLabelView.swift in Sources */,
			);
			runOnlyForDeploymentPostprocessing = 0;
		};
/* End PBXSourcesBuildPhase section */

/* Begin PBXVariantGroup section */
		D01EE9C11D692B780048D6CE /* LaunchScreen.storyboard */ = {
			isa = PBXVariantGroup;
			children = (
				D01EE9C21D692B780048D6CE /* Base */,
				D0C49B3C1F19EDB700D47983 /* zh-Hans */,
				D03E74ED1F271928002E1357 /* id */,
				D03420211F3AB3900039AF33 /* hi */,
			);
			name = LaunchScreen.storyboard;
			sourceTree = "<group>";
		};
		D0C49B411F19EEB700D47983 /* Localizable.strings */ = {
			isa = PBXVariantGroup;
			children = (
				D0C49B401F19EEB700D47983 /* Base */,
				D0C49B421F19EEBB00D47983 /* zh-Hans */,
				D03E74EE1F271928002E1357 /* id */,
				D03420221F3AB3900039AF33 /* hi */,
			);
			name = Localizable.strings;
			sourceTree = "<group>";
		};
/* End PBXVariantGroup section */

/* Begin XCBuildConfiguration section */
		D01EE9C51D692B780048D6CE /* Debug */ = {
			isa = XCBuildConfiguration;
			buildSettings = {
				ALWAYS_SEARCH_USER_PATHS = NO;
				CLANG_ANALYZER_LOCALIZABILITY_NONLOCALIZED = YES;
				CLANG_ANALYZER_NONNULL = YES;
				CLANG_CXX_LANGUAGE_STANDARD = "gnu++0x";
				CLANG_CXX_LIBRARY = "libc++";
				CLANG_ENABLE_MODULES = YES;
				CLANG_ENABLE_OBJC_ARC = YES;
				CLANG_WARN_BLOCK_CAPTURE_AUTORELEASING = YES;
				CLANG_WARN_BOOL_CONVERSION = YES;
				CLANG_WARN_COMMA = YES;
				CLANG_WARN_CONSTANT_CONVERSION = YES;
				CLANG_WARN_DEPRECATED_OBJC_IMPLEMENTATIONS = YES;
				CLANG_WARN_DIRECT_OBJC_ISA_USAGE = YES_ERROR;
				CLANG_WARN_DOCUMENTATION_COMMENTS = YES;
				CLANG_WARN_EMPTY_BODY = YES;
				CLANG_WARN_ENUM_CONVERSION = YES;
				CLANG_WARN_INFINITE_RECURSION = YES;
				CLANG_WARN_INT_CONVERSION = YES;
				CLANG_WARN_NON_LITERAL_NULL_CONVERSION = YES;
				CLANG_WARN_OBJC_IMPLICIT_RETAIN_SELF = YES;
				CLANG_WARN_OBJC_LITERAL_CONVERSION = YES;
				CLANG_WARN_OBJC_ROOT_CLASS = YES_ERROR;
				CLANG_WARN_RANGE_LOOP_ANALYSIS = YES;
				CLANG_WARN_STRICT_PROTOTYPES = YES;
				CLANG_WARN_SUSPICIOUS_MOVE = YES;
				CLANG_WARN_UNREACHABLE_CODE = YES;
				CLANG_WARN__DUPLICATE_METHOD_MATCH = YES;
				CODE_SIGN_IDENTITY = "iPhone Developer: Peter Denton (H3TA3EF8PX)";
				"CODE_SIGN_IDENTITY[sdk=iphoneos*]" = "iPhone Developer: Peter Denton (H3TA3EF8PX)";
				COPY_PHASE_STRIP = NO;
				DEBUG_INFORMATION_FORMAT = dwarf;
				DEVELOPMENT_TEAM = 69FR345CDA;
				ENABLE_STRICT_OBJC_MSGSEND = YES;
				ENABLE_TESTABILITY = YES;
				GCC_C_LANGUAGE_STANDARD = gnu99;
				GCC_DYNAMIC_NO_PIC = NO;
				GCC_NO_COMMON_BLOCKS = YES;
				GCC_OPTIMIZATION_LEVEL = 0;
				GCC_PREPROCESSOR_DEFINITIONS = (
					"DEBUG=1",
					"$(inherited)",
				);
				GCC_WARN_64_TO_32_BIT_CONVERSION = YES;
				GCC_WARN_ABOUT_RETURN_TYPE = YES_ERROR;
				GCC_WARN_UNDECLARED_SELECTOR = YES;
				GCC_WARN_UNINITIALIZED_AUTOS = YES_AGGRESSIVE;
				GCC_WARN_UNUSED_FUNCTION = YES;
				GCC_WARN_UNUSED_VARIABLE = YES;
				IPHONEOS_DEPLOYMENT_TARGET = 10.0;
				MTL_ENABLE_DEBUG_INFO = YES;
				ONLY_ACTIVE_ARCH = YES;
				PROVISIONING_PROFILE_SPECIFIER = "";
				SDKROOT = iphoneos;
				SWIFT_ACTIVE_COMPILATION_CONDITIONS = DEBUG;
				SWIFT_OPTIMIZATION_LEVEL = "-Onone";
			};
			name = Debug;
		};
		D01EE9C61D692B780048D6CE /* Release */ = {
			isa = XCBuildConfiguration;
			buildSettings = {
				ALWAYS_SEARCH_USER_PATHS = NO;
				CLANG_ANALYZER_LOCALIZABILITY_NONLOCALIZED = YES;
				CLANG_ANALYZER_NONNULL = YES;
				CLANG_CXX_LANGUAGE_STANDARD = "gnu++0x";
				CLANG_CXX_LIBRARY = "libc++";
				CLANG_ENABLE_MODULES = YES;
				CLANG_ENABLE_OBJC_ARC = YES;
				CLANG_WARN_BLOCK_CAPTURE_AUTORELEASING = YES;
				CLANG_WARN_BOOL_CONVERSION = YES;
				CLANG_WARN_COMMA = YES;
				CLANG_WARN_CONSTANT_CONVERSION = YES;
				CLANG_WARN_DEPRECATED_OBJC_IMPLEMENTATIONS = YES;
				CLANG_WARN_DIRECT_OBJC_ISA_USAGE = YES_ERROR;
				CLANG_WARN_DOCUMENTATION_COMMENTS = YES;
				CLANG_WARN_EMPTY_BODY = YES;
				CLANG_WARN_ENUM_CONVERSION = YES;
				CLANG_WARN_INFINITE_RECURSION = YES;
				CLANG_WARN_INT_CONVERSION = YES;
				CLANG_WARN_NON_LITERAL_NULL_CONVERSION = YES;
				CLANG_WARN_OBJC_IMPLICIT_RETAIN_SELF = YES;
				CLANG_WARN_OBJC_LITERAL_CONVERSION = YES;
				CLANG_WARN_OBJC_ROOT_CLASS = YES_ERROR;
				CLANG_WARN_RANGE_LOOP_ANALYSIS = YES;
				CLANG_WARN_STRICT_PROTOTYPES = YES;
				CLANG_WARN_SUSPICIOUS_MOVE = YES;
				CLANG_WARN_UNREACHABLE_CODE = YES;
				CLANG_WARN__DUPLICATE_METHOD_MATCH = YES;
				CODE_SIGN_IDENTITY = "iPhone Distribution: Peter Denton (69FR345CDA)";
				"CODE_SIGN_IDENTITY[sdk=iphoneos*]" = "iPhone Distribution: Peter Denton (69FR345CDA)";
				COPY_PHASE_STRIP = NO;
				DEBUG_INFORMATION_FORMAT = "dwarf-with-dsym";
				DEVELOPMENT_TEAM = 69FR345CDA;
				ENABLE_NS_ASSERTIONS = NO;
				ENABLE_STRICT_OBJC_MSGSEND = YES;
				GCC_C_LANGUAGE_STANDARD = gnu99;
				GCC_NO_COMMON_BLOCKS = YES;
				GCC_WARN_64_TO_32_BIT_CONVERSION = YES;
				GCC_WARN_ABOUT_RETURN_TYPE = YES_ERROR;
				GCC_WARN_UNDECLARED_SELECTOR = YES;
				GCC_WARN_UNINITIALIZED_AUTOS = YES_AGGRESSIVE;
				GCC_WARN_UNUSED_FUNCTION = YES;
				GCC_WARN_UNUSED_VARIABLE = YES;
				IPHONEOS_DEPLOYMENT_TARGET = 10.0;
				MTL_ENABLE_DEBUG_INFO = NO;
				PROVISIONING_PROFILE_SPECIFIER = "";
				SDKROOT = iphoneos;
				SWIFT_OPTIMIZATION_LEVEL = "-Owholemodule";
				VALIDATE_PRODUCT = YES;
			};
			name = Release;
		};
		D01EE9C81D692B780048D6CE /* Debug */ = {
			isa = XCBuildConfiguration;
			baseConfigurationReference = D52DBA4E420DFCC3609A1C78 /* Pods-TripKey.debug.xcconfig */;
			buildSettings = {
				ALWAYS_EMBED_SWIFT_STANDARD_LIBRARIES = YES;
				ASSETCATALOG_COMPILER_APPICON_NAME = AppIcon;
				CODE_SIGN_ENTITLEMENTS = TripKey.entitlements;
				CODE_SIGN_IDENTITY = "iPhone Distribution";
				"CODE_SIGN_IDENTITY[sdk=iphoneos*]" = "iPhone Developer";
				CODE_SIGN_STYLE = Manual;
				DEVELOPMENT_TEAM = 69FR345CDA;
				FRAMEWORK_SEARCH_PATHS = (
					"$(inherited)",
					"\"$PODS_CONFIGURATION_BUILD_DIR/Bolts\"",
					"\"$PODS_CONFIGURATION_BUILD_DIR/Parse\"",
				);
				INFOPLIST_FILE = TripKey2/Info.plist;
				IPHONEOS_DEPLOYMENT_TARGET = 10.0;
				LD_RUNPATH_SEARCH_PATHS = "$(inherited) @executable_path/Frameworks";
				PRODUCT_BUNDLE_IDENTIFIER = com.fontaine.TripKeyLite;
				PRODUCT_NAME = "$(TARGET_NAME)";
				PROVISIONING_PROFILE = "c9890352-c8b4-4781-a8b5-21752b45472e";
				PROVISIONING_PROFILE_SPECIFIER = TripKeyLiteDevelopment2019;
				SWIFT_OBJC_BRIDGING_HEADER = "TripKey2/Bridging-Header.h";
				SWIFT_VERSION = 3.0;
				TARGETED_DEVICE_FAMILY = 1;
			};
			name = Debug;
		};
		D01EE9C91D692B780048D6CE /* Release */ = {
			isa = XCBuildConfiguration;
			baseConfigurationReference = 990605E94A8A24683F7DC97E /* Pods-TripKey.release.xcconfig */;
			buildSettings = {
				ALWAYS_EMBED_SWIFT_STANDARD_LIBRARIES = YES;
				ASSETCATALOG_COMPILER_APPICON_NAME = AppIcon;
				CODE_SIGN_ENTITLEMENTS = TripKey.entitlements;
				CODE_SIGN_IDENTITY = "iPhone Developer";
				"CODE_SIGN_IDENTITY[sdk=iphoneos*]" = "iPhone Distribution";
				CODE_SIGN_STYLE = Manual;
				DEVELOPMENT_TEAM = 69FR345CDA;
				FRAMEWORK_SEARCH_PATHS = (
					"$(inherited)",
					"\"$PODS_CONFIGURATION_BUILD_DIR/Bolts\"",
					"\"$PODS_CONFIGURATION_BUILD_DIR/Parse\"",
				);
				INFOPLIST_FILE = TripKey2/Info.plist;
				IPHONEOS_DEPLOYMENT_TARGET = 10.0;
				LD_RUNPATH_SEARCH_PATHS = "$(inherited) @executable_path/Frameworks";
				PRODUCT_BUNDLE_IDENTIFIER = com.fontaine.TripKeyLite;
				PRODUCT_NAME = "$(TARGET_NAME)";
				PROVISIONING_PROFILE = "c9890352-c8b4-4781-a8b5-21752b45472e";
				PROVISIONING_PROFILE_SPECIFIER = TripKey2019;
				SWIFT_OBJC_BRIDGING_HEADER = "TripKey2/Bridging-Header.h";
				SWIFT_VERSION = 3.0;
				TARGETED_DEVICE_FAMILY = 1;
			};
			name = Release;
		};
/* End XCBuildConfiguration section */

/* Begin XCConfigurationList section */
		D01EE9AD1D692B780048D6CE /* Build configuration list for PBXProject "TripKey" */ = {
			isa = XCConfigurationList;
			buildConfigurations = (
				D01EE9C51D692B780048D6CE /* Debug */,
				D01EE9C61D692B780048D6CE /* Release */,
			);
			defaultConfigurationIsVisible = 0;
			defaultConfigurationName = Release;
		};
		D01EE9C71D692B780048D6CE /* Build configuration list for PBXNativeTarget "TripKey" */ = {
			isa = XCConfigurationList;
			buildConfigurations = (
				D01EE9C81D692B780048D6CE /* Debug */,
				D01EE9C91D692B780048D6CE /* Release */,
			);
			defaultConfigurationIsVisible = 0;
			defaultConfigurationName = Release;
		};
/* End XCConfigurationList section */

/* Begin XCVersionGroup section */
		D0CE61942207FAA0006F5D75 /* Model.xcdatamodeld */ = {
			isa = XCVersionGroup;
			children = (
				D0CE61952207FAA0006F5D75 /* Model.xcdatamodel */,
			);
			currentVersion = D0CE61952207FAA0006F5D75 /* Model.xcdatamodel */;
			path = Model.xcdatamodeld;
			sourceTree = "<group>";
			versionGroupType = wrapper.xcdatamodel;
		};
/* End XCVersionGroup section */
	};
	rootObject = D01EE9AA1D692B780048D6CE /* Project object */;
}
